// !$*UTF8*$!
{
	archiveVersion = 1;
	classes = {
	};
	objectVersion = 77;
	objects = {

/* Begin PBXBuildFile section */
		00D5832ABE1BBF1681C3832F /* TasksGrouping.swift in Sources */ = {isa = PBXBuildFile; fileRef = CC314814C11C5505C487CE03 /* TasksGrouping.swift */; };
		05AC78D4781BF0F715D8B280 /* TaskCompletion.swift in Sources */ = {isa = PBXBuildFile; fileRef = AC47B30A5701AAE8E38FA746 /* TaskCompletion.swift */; };
		080247AB874C28B56D0928F1 /* FocusSessionLog.swift in Sources */ = {isa = PBXBuildFile; fileRef = 66A29F2C81A436A0250803FE /* FocusSessionLog.swift */; };
		08D3ABF571F1DD6DB2811E0F /* Yams in Frameworks */ = {isa = PBXBuildFile; productRef = 39E84D3D517CF65CE8CDEA40 /* Yams */; };
		0C0890159FFBB5CADECDDDF0 /* VaultStore.swift in Sources */ = {isa = PBXBuildFile; fileRef = CF0567BC0B0379E14C94219B /* VaultStore.swift */; };
		119CDAFF4B914A2730081C0B /* TasksView.swift in Sources */ = {isa = PBXBuildFile; fileRef = A2DC941F60F1AA955898446B /* TasksView.swift */; };
		13CF5781F461AD63F5372CA9 /* FrontmatterCodecTests.swift in Sources */ = {isa = PBXBuildFile; fileRef = 4D5486D7E5950BEA4B04343F /* FrontmatterCodecTests.swift */; };
		1EFB3035F6011B2244B38BE2 /* VaultStoreWriteTests.swift in Sources */ = {isa = PBXBuildFile; fileRef = 36866CB5BBBDD9DC3EA4B5C5 /* VaultStoreWriteTests.swift */; };
		2C75A6F305AE89450722FF81 /* DeadlineDay.swift in Sources */ = {isa = PBXBuildFile; fileRef = DAA99F75D6C0662182DA03AB /* DeadlineDay.swift */; };
		335FFAE1E20D5816ACF0D335 /* FrontmatterSplitter.swift in Sources */ = {isa = PBXBuildFile; fileRef = 9E370EA1340964AFF7C24132 /* FrontmatterSplitter.swift */; };
		3A9B3456961A1A40FDFFF2DF /* SubtaskRowView.swift in Sources */ = {isa = PBXBuildFile; fileRef = 23D3CA44358D0A95F097A01B /* SubtaskRowView.swift */; };
		3D0BD19FB6B7D674DA97EB7D /* BreakLog.swift in Sources */ = {isa = PBXBuildFile; fileRef = DC84AC2DC56876A49D1A4261 /* BreakLog.swift */; };
		443D3CE32D51A6DF3ADCDBA3 /* FrontmatterEncoder.swift in Sources */ = {isa = PBXBuildFile; fileRef = 496B467448E0EBB4F9699080 /* FrontmatterEncoder.swift */; };
		45A81F7A943E732699E4E9AF /* TaskOrdering.swift in Sources */ = {isa = PBXBuildFile; fileRef = 7E223517EDAFBC6628F2E5D6 /* TaskOrdering.swift */; };
		47700B03189E62AD8177D88E /* TaskFormStateTests.swift in Sources */ = {isa = PBXBuildFile; fileRef = C636366981320C04C59B9646 /* TaskFormStateTests.swift */; };
		47F742470901C6A5A3941939 /* FocusTrackerApp.swift in Sources */ = {isa = PBXBuildFile; fileRef = 248E5131297EB06C2E76BC68 /* FocusTrackerApp.swift */; };
		4866585A7AACB6576688B9BF /* TaskOrderingTests.swift in Sources */ = {isa = PBXBuildFile; fileRef = 95709B12E9BA98C14EF8CEAB /* TaskOrderingTests.swift */; };
		4DD7512AF2018D0642E67299 /* TaskFormState.swift in Sources */ = {isa = PBXBuildFile; fileRef = 445B3D8CCF237E3DFFE44208 /* TaskFormState.swift */; };
		569C45089FE89BFDF1A583D4 /* DesignTokens.swift in Sources */ = {isa = PBXBuildFile; fileRef = FE058807A3A55E2F22555654 /* DesignTokens.swift */; };
		56F3C426421E25178C5ADC15 /* DailyLogError.swift in Sources */ = {isa = PBXBuildFile; fileRef = F15748CCF586FA0EDEE2F61F /* DailyLogError.swift */; };
		5811C92D98367DEC729F7EA1 /* VaultStoreTransitionTests.swift in Sources */ = {isa = PBXBuildFile; fileRef = B0C967C88404484608223706 /* VaultStoreTransitionTests.swift */; };
		5B9474F55B192E0B830E412A /* CollapseStateStore.swift in Sources */ = {isa = PBXBuildFile; fileRef = 554340F5DF6E15C777FD9264 /* CollapseStateStore.swift */; };
		5C40816107FF2F8EF9A813F3 /* SmokeTests.swift in Sources */ = {isa = PBXBuildFile; fileRef = 2FD6B094AE292E2B2CFE2055 /* SmokeTests.swift */; };
		60C1AF42B5D52D3E66DD88D3 /* DailyLogStoreTests.swift in Sources */ = {isa = PBXBuildFile; fileRef = B67859164CAD39CDD96B1736 /* DailyLogStoreTests.swift */; };
		6211BEFA7AD4058D778A4367 /* FormDeadline.swift in Sources */ = {isa = PBXBuildFile; fileRef = 09F3B221E5E24A84E3AD2F8D /* FormDeadline.swift */; };
		637271F24F8DCCFC153B40B0 /* StatusTransition.swift in Sources */ = {isa = PBXBuildFile; fileRef = 5F0BA521BD58A62A830A1C10 /* StatusTransition.swift */; };
		64A3DACB834DD689B2881F95 /* FocusSessionEngineTests.swift in Sources */ = {isa = PBXBuildFile; fileRef = ED156E35E718B893DF3B1E29 /* FocusSessionEngineTests.swift */; };
		656FFC28BFF46B82864E08E2 /* ActiveSessionCoordinatorTests.swift in Sources */ = {isa = PBXBuildFile; fileRef = 398F24EA25BB554B7018B9F3 /* ActiveSessionCoordinatorTests.swift */; };
		6B7E9E6EDE238B93D4BBE113 /* AppModelSubtaskTests.swift in Sources */ = {isa = PBXBuildFile; fileRef = 07D6524661D2133A7F8C1AAA /* AppModelSubtaskTests.swift */; };
		6D529C027DDC08698272BBCA /* VaultStoreStatusTransitions.swift in Sources */ = {isa = PBXBuildFile; fileRef = 84025FD8E3B25790B7D988C9 /* VaultStoreStatusTransitions.swift */; };
		71C6973B688B2079F118533E /* SubtaskItem.swift in Sources */ = {isa = PBXBuildFile; fileRef = 2C3DCD0FA4C4F11707ADCC34 /* SubtaskItem.swift */; };
		72319A87076D8C1FCBEF4E8C /* TaskItem.swift in Sources */ = {isa = PBXBuildFile; fileRef = C76EB463C7C44B3BA54CD43C /* TaskItem.swift */; };
		72FE907904C132B266A02074 /* TaskModelTests.swift in Sources */ = {isa = PBXBuildFile; fileRef = F64F2B847F2F64F2D070FE92 /* TaskModelTests.swift */; };
		75E88A2F05883A40F5A705C5 /* TasksViewModel.swift in Sources */ = {isa = PBXBuildFile; fileRef = 3D5D3D438C7122B3D09FBB7E /* TasksViewModel.swift */; };
		76EBDB2AF06605C94550A452 /* Yams in Frameworks */ = {isa = PBXBuildFile; productRef = 235DC63B1D6E684D896B5CF6 /* Yams */; };
		783F814497AE507AEF8EF350 /* VaultStoreSubtaskTests.swift in Sources */ = {isa = PBXBuildFile; fileRef = 08EFA1B0F2ECE21BD65D1D71 /* VaultStoreSubtaskTests.swift */; };
		79E780DF2512D06E1F8CD03B /* AppSettings.swift in Sources */ = {isa = PBXBuildFile; fileRef = DCB77F69D38C6F6744551E0E /* AppSettings.swift */; };
		7C083AE150C262E2A4BB870D /* TaskFormView.swift in Sources */ = {isa = PBXBuildFile; fileRef = 1F9EDB5DBAD2343FC717D44B /* TaskFormView.swift */; };
		7FD5156DBBF3DE7CF3937E44 /* AppModel.swift in Sources */ = {isa = PBXBuildFile; fileRef = D661E8DE9DDA5E5D7B4F8D45 /* AppModel.swift */; };
		84E73409362F826BDBE0669B /* FrontmatterError.swift in Sources */ = {isa = PBXBuildFile; fileRef = F9C6D88FF4AC946BB7DB89A5 /* FrontmatterError.swift */; };
		84F04BD118A135111649429B /* AppModelTaskWriteTests.swift in Sources */ = {isa = PBXBuildFile; fileRef = 8DB32A9A07026DDD5641F273 /* AppModelTaskWriteTests.swift */; };
		8AC9CCA7D1AB50AABF043CF0 /* Category.swift in Sources */ = {isa = PBXBuildFile; fileRef = BDF05E8048A2CA4C67790C50 /* Category.swift */; };
		8DC94FF8D60CDCCA3EFE6439 /* TaskEnums.swift in Sources */ = {isa = PBXBuildFile; fileRef = AEA22B891260224B50F53902 /* TaskEnums.swift */; };
		93C5E41ED214FBD2AE5A1EDD /* SubtaskFormStateTests.swift in Sources */ = {isa = PBXBuildFile; fileRef = 69FAAAD7CD2D6CCAE734C18A /* SubtaskFormStateTests.swift */; };
		9469583BB0418CD9B069045C /* DailyLogStore.swift in Sources */ = {isa = PBXBuildFile; fileRef = C0E0903987EB31A0547484E3 /* DailyLogStore.swift */; };
		96D2829703CF3B5B6878A1F3 /* SubtaskFormView.swift in Sources */ = {isa = PBXBuildFile; fileRef = 694038AA634CB1C7D24F6784 /* SubtaskFormView.swift */; };
		99F404A40BE198A37A71F84C /* TasksGroupingTests.swift in Sources */ = {isa = PBXBuildFile; fileRef = 83BAB9738132D14FCB11FF2C /* TasksGroupingTests.swift */; };
		9DAC51494FC325C74C500568 /* AppModelTests.swift in Sources */ = {isa = PBXBuildFile; fileRef = 556B8ABC78BC23CE6B95A6C6 /* AppModelTests.swift */; };
		A047718B0F86A825C8AFCC25 /* ActiveSessionSnapshotTests.swift in Sources */ = {isa = PBXBuildFile; fileRef = DA111D2587D7B0D7C3C5C401 /* ActiveSessionSnapshotTests.swift */; };
		A1E505587320816E1751A947 /* DailyLogCodecTests.swift in Sources */ = {isa = PBXBuildFile; fileRef = 6BD9E9056155C2B82893EDA6 /* DailyLogCodecTests.swift */; };
		A2D29C602F9E8EA203B7F195 /* FocusSessionEngineRestoreTests.swift in Sources */ = {isa = PBXBuildFile; fileRef = 24A3DA2388BD777EAF1836D5 /* FocusSessionEngineRestoreTests.swift */; };
		A2DCE257E978CD6BAFAE2168 /* AtomicFileWriterTests.swift in Sources */ = {isa = PBXBuildFile; fileRef = DDB02A5B746D6AFFE94F389F /* AtomicFileWriterTests.swift */; };
		AA7EAE384FB2648424CDEEE6 /* FocusSessionEngine.swift in Sources */ = {isa = PBXBuildFile; fileRef = CB4718DB3F7149B1C3A2C2F9 /* FocusSessionEngine.swift */; };
		AF1A8B372A19186ED24BC4D0 /* AppSettingsTests.swift in Sources */ = {isa = PBXBuildFile; fileRef = B742C07982F82625A0329387 /* AppSettingsTests.swift */; };
		B66F978FBAAB99838F1503E5 /* SubtaskFormState.swift in Sources */ = {isa = PBXBuildFile; fileRef = 15686F80AD41E2A1D4F5639B /* SubtaskFormState.swift */; };
		B9E22BF26DE00534CA7CE529 /* AtomicFileWriter.swift in Sources */ = {isa = PBXBuildFile; fileRef = 000862FD87ECFD14A2EBBD89 /* AtomicFileWriter.swift */; };
		BB6D55E6219CFEF7C828B813 /* ActiveSessionCoordinator.swift in Sources */ = {isa = PBXBuildFile; fileRef = D036D116F19393559D30A4C1 /* ActiveSessionCoordinator.swift */; };
		BD328D7DD66DBB049E79C6ED /* FrontmatterDecoder.swift in Sources */ = {isa = PBXBuildFile; fileRef = 1CAECA9BDEFA889C6DE2EBE9 /* FrontmatterDecoder.swift */; };
		C59368564A9EB08BBEDF7F94 /* TaskRowView.swift in Sources */ = {isa = PBXBuildFile; fileRef = 608FD7031D7A36234F5A9C7B /* TaskRowView.swift */; };
		C71E057857B6BCB5BF0CA4DA /* AtomicFileWriterError.swift in Sources */ = {isa = PBXBuildFile; fileRef = E0BA7BF8D84B73D94EF3157C /* AtomicFileWriterError.swift */; };
		C74A7A1B43D4667CC710EDB7 /* ActiveSessionSnapshot.swift in Sources */ = {isa = PBXBuildFile; fileRef = D3324705D893E9D8CD363C49 /* ActiveSessionSnapshot.swift */; };
		CD6092F00DDF72B36F057846 /* VaultStoreError.swift in Sources */ = {isa = PBXBuildFile; fileRef = F2263127664569F0F7194904 /* VaultStoreError.swift */; };
		D28F8691AE913F628117CD75 /* StatusTransitionTests.swift in Sources */ = {isa = PBXBuildFile; fileRef = 20D561F957E51C275426C970 /* StatusTransitionTests.swift */; };
		D34EBE82EA8F20AF4E6F1D02 /* DailyLogDay.swift in Sources */ = {isa = PBXBuildFile; fileRef = 449D8FADD940BEE8778B592B /* DailyLogDay.swift */; };
		D43785B11EF28B129E4419A6 /* SystemTickScheduler.swift in Sources */ = {isa = PBXBuildFile; fileRef = 52A6B2C67AE475FD9E4BC82F /* SystemTickScheduler.swift */; };
		D48CA988670FBA3F970806BA /* ActiveSessionRecoveryTests.swift in Sources */ = {isa = PBXBuildFile; fileRef = 03FB6108495185556CD5DC37 /* ActiveSessionRecoveryTests.swift */; };
		DCDFB50E7152BF60B08454D3 /* DailyLogCodec.swift in Sources */ = {isa = PBXBuildFile; fileRef = CD099DA3072484B67CFDD3A0 /* DailyLogCodec.swift */; };
		DF5EA0555990FD6FC645C434 /* VaultStoreTests.swift in Sources */ = {isa = PBXBuildFile; fileRef = 28BA6F82E572C982197E1959 /* VaultStoreTests.swift */; };
		F8D548D3A1E6FE56E6A38A7C /* ActiveSessionRecovery.swift in Sources */ = {isa = PBXBuildFile; fileRef = 6B9823987C7DB9B22004C48A /* ActiveSessionRecovery.swift */; };
		F9A45B20373B4F1164258AE6 /* ActiveSessionPersistenceTests.swift in Sources */ = {isa = PBXBuildFile; fileRef = AF4D3CFB0FB6AD76903E3A3E /* ActiveSessionPersistenceTests.swift */; };
		FA85D7377CBF918F7941F4ED /* ActiveSessionPersistence.swift in Sources */ = {isa = PBXBuildFile; fileRef = 173E587312DA52F8A9B8EA05 /* ActiveSessionPersistence.swift */; };
		FB83696C4D6A3A0A58D84EB1 /* Project.swift in Sources */ = {isa = PBXBuildFile; fileRef = E0CE5BEA0D95F2D356A98AB3 /* Project.swift */; };
/* End PBXBuildFile section */

/* Begin PBXContainerItemProxy section */
		61A7E90CE03A128C1479B7E1 /* PBXContainerItemProxy */ = {
			isa = PBXContainerItemProxy;
			containerPortal = 144DB8CA7062C740491CE975 /* Project object */;
			proxyType = 1;
			remoteGlobalIDString = 8420D9A92F206BF9B2F6B86C;
			remoteInfo = FocusTracker;
		};
/* End PBXContainerItemProxy section */

/* Begin PBXFileReference section */
		000862FD87ECFD14A2EBBD89 /* AtomicFileWriter.swift */ = {isa = PBXFileReference; lastKnownFileType = sourcecode.swift; path = AtomicFileWriter.swift; sourceTree = "<group>"; };
		03FB6108495185556CD5DC37 /* ActiveSessionRecoveryTests.swift */ = {isa = PBXFileReference; lastKnownFileType = sourcecode.swift; path = ActiveSessionRecoveryTests.swift; sourceTree = "<group>"; };
		07D6524661D2133A7F8C1AAA /* AppModelSubtaskTests.swift */ = {isa = PBXFileReference; lastKnownFileType = sourcecode.swift; path = AppModelSubtaskTests.swift; sourceTree = "<group>"; };
		08EFA1B0F2ECE21BD65D1D71 /* VaultStoreSubtaskTests.swift */ = {isa = PBXFileReference; lastKnownFileType = sourcecode.swift; path = VaultStoreSubtaskTests.swift; sourceTree = "<group>"; };
		09F3B221E5E24A84E3AD2F8D /* FormDeadline.swift */ = {isa = PBXFileReference; lastKnownFileType = sourcecode.swift; path = FormDeadline.swift; sourceTree = "<group>"; };
		15686F80AD41E2A1D4F5639B /* SubtaskFormState.swift */ = {isa = PBXFileReference; lastKnownFileType = sourcecode.swift; path = SubtaskFormState.swift; sourceTree = "<group>"; };
		173E587312DA52F8A9B8EA05 /* ActiveSessionPersistence.swift */ = {isa = PBXFileReference; lastKnownFileType = sourcecode.swift; path = ActiveSessionPersistence.swift; sourceTree = "<group>"; };
		19168751BF453E16196AF15C /* FocusTrackerTests.xctest */ = {isa = PBXFileReference; explicitFileType = wrapper.cfbundle; includeInIndex = 0; path = FocusTrackerTests.xctest; sourceTree = BUILT_PRODUCTS_DIR; };
		1CAECA9BDEFA889C6DE2EBE9 /* FrontmatterDecoder.swift */ = {isa = PBXFileReference; lastKnownFileType = sourcecode.swift; path = FrontmatterDecoder.swift; sourceTree = "<group>"; };
		1E40706EE3BCB1DD382F1F49 /* FocusTracker.app */ = {isa = PBXFileReference; explicitFileType = wrapper.application; includeInIndex = 0; path = FocusTracker.app; sourceTree = BUILT_PRODUCTS_DIR; };
		1F9EDB5DBAD2343FC717D44B /* TaskFormView.swift */ = {isa = PBXFileReference; lastKnownFileType = sourcecode.swift; path = TaskFormView.swift; sourceTree = "<group>"; };
		20D561F957E51C275426C970 /* StatusTransitionTests.swift */ = {isa = PBXFileReference; lastKnownFileType = sourcecode.swift; path = StatusTransitionTests.swift; sourceTree = "<group>"; };
		23D3CA44358D0A95F097A01B /* SubtaskRowView.swift */ = {isa = PBXFileReference; lastKnownFileType = sourcecode.swift; path = SubtaskRowView.swift; sourceTree = "<group>"; };
		248E5131297EB06C2E76BC68 /* FocusTrackerApp.swift */ = {isa = PBXFileReference; lastKnownFileType = sourcecode.swift; path = FocusTrackerApp.swift; sourceTree = "<group>"; };
		24A3DA2388BD777EAF1836D5 /* FocusSessionEngineRestoreTests.swift */ = {isa = PBXFileReference; lastKnownFileType = sourcecode.swift; path = FocusSessionEngineRestoreTests.swift; sourceTree = "<group>"; };
		28BA6F82E572C982197E1959 /* VaultStoreTests.swift */ = {isa = PBXFileReference; lastKnownFileType = sourcecode.swift; path = VaultStoreTests.swift; sourceTree = "<group>"; };
		2C3DCD0FA4C4F11707ADCC34 /* SubtaskItem.swift */ = {isa = PBXFileReference; lastKnownFileType = sourcecode.swift; path = SubtaskItem.swift; sourceTree = "<group>"; };
		2FD6B094AE292E2B2CFE2055 /* SmokeTests.swift */ = {isa = PBXFileReference; lastKnownFileType = sourcecode.swift; path = SmokeTests.swift; sourceTree = "<group>"; };
		36866CB5BBBDD9DC3EA4B5C5 /* VaultStoreWriteTests.swift */ = {isa = PBXFileReference; lastKnownFileType = sourcecode.swift; path = VaultStoreWriteTests.swift; sourceTree = "<group>"; };
		398F24EA25BB554B7018B9F3 /* ActiveSessionCoordinatorTests.swift */ = {isa = PBXFileReference; lastKnownFileType = sourcecode.swift; path = ActiveSessionCoordinatorTests.swift; sourceTree = "<group>"; };
		3D5D3D438C7122B3D09FBB7E /* TasksViewModel.swift */ = {isa = PBXFileReference; lastKnownFileType = sourcecode.swift; path = TasksViewModel.swift; sourceTree = "<group>"; };
		445B3D8CCF237E3DFFE44208 /* TaskFormState.swift */ = {isa = PBXFileReference; lastKnownFileType = sourcecode.swift; path = TaskFormState.swift; sourceTree = "<group>"; };
		449D8FADD940BEE8778B592B /* DailyLogDay.swift */ = {isa = PBXFileReference; lastKnownFileType = sourcecode.swift; path = DailyLogDay.swift; sourceTree = "<group>"; };
		496B467448E0EBB4F9699080 /* FrontmatterEncoder.swift */ = {isa = PBXFileReference; lastKnownFileType = sourcecode.swift; path = FrontmatterEncoder.swift; sourceTree = "<group>"; };
		4D5486D7E5950BEA4B04343F /* FrontmatterCodecTests.swift */ = {isa = PBXFileReference; lastKnownFileType = sourcecode.swift; path = FrontmatterCodecTests.swift; sourceTree = "<group>"; };
		52A6B2C67AE475FD9E4BC82F /* SystemTickScheduler.swift */ = {isa = PBXFileReference; lastKnownFileType = sourcecode.swift; path = SystemTickScheduler.swift; sourceTree = "<group>"; };
		554340F5DF6E15C777FD9264 /* CollapseStateStore.swift */ = {isa = PBXFileReference; lastKnownFileType = sourcecode.swift; path = CollapseStateStore.swift; sourceTree = "<group>"; };
		556B8ABC78BC23CE6B95A6C6 /* AppModelTests.swift */ = {isa = PBXFileReference; lastKnownFileType = sourcecode.swift; path = AppModelTests.swift; sourceTree = "<group>"; };
		5F0BA521BD58A62A830A1C10 /* StatusTransition.swift */ = {isa = PBXFileReference; lastKnownFileType = sourcecode.swift; path = StatusTransition.swift; sourceTree = "<group>"; };
		608FD7031D7A36234F5A9C7B /* TaskRowView.swift */ = {isa = PBXFileReference; lastKnownFileType = sourcecode.swift; path = TaskRowView.swift; sourceTree = "<group>"; };
		66A29F2C81A436A0250803FE /* FocusSessionLog.swift */ = {isa = PBXFileReference; lastKnownFileType = sourcecode.swift; path = FocusSessionLog.swift; sourceTree = "<group>"; };
		694038AA634CB1C7D24F6784 /* SubtaskFormView.swift */ = {isa = PBXFileReference; lastKnownFileType = sourcecode.swift; path = SubtaskFormView.swift; sourceTree = "<group>"; };
		69FAAAD7CD2D6CCAE734C18A /* SubtaskFormStateTests.swift */ = {isa = PBXFileReference; lastKnownFileType = sourcecode.swift; path = SubtaskFormStateTests.swift; sourceTree = "<group>"; };
		6B9823987C7DB9B22004C48A /* ActiveSessionRecovery.swift */ = {isa = PBXFileReference; lastKnownFileType = sourcecode.swift; path = ActiveSessionRecovery.swift; sourceTree = "<group>"; };
		6BD9E9056155C2B82893EDA6 /* DailyLogCodecTests.swift */ = {isa = PBXFileReference; lastKnownFileType = sourcecode.swift; path = DailyLogCodecTests.swift; sourceTree = "<group>"; };
		7E223517EDAFBC6628F2E5D6 /* TaskOrdering.swift */ = {isa = PBXFileReference; lastKnownFileType = sourcecode.swift; path = TaskOrdering.swift; sourceTree = "<group>"; };
		83BAB9738132D14FCB11FF2C /* TasksGroupingTests.swift */ = {isa = PBXFileReference; lastKnownFileType = sourcecode.swift; path = TasksGroupingTests.swift; sourceTree = "<group>"; };
		84025FD8E3B25790B7D988C9 /* VaultStoreStatusTransitions.swift */ = {isa = PBXFileReference; lastKnownFileType = sourcecode.swift; path = VaultStoreStatusTransitions.swift; sourceTree = "<group>"; };
		8DB32A9A07026DDD5641F273 /* AppModelTaskWriteTests.swift */ = {isa = PBXFileReference; lastKnownFileType = sourcecode.swift; path = AppModelTaskWriteTests.swift; sourceTree = "<group>"; };
		95709B12E9BA98C14EF8CEAB /* TaskOrderingTests.swift */ = {isa = PBXFileReference; lastKnownFileType = sourcecode.swift; path = TaskOrderingTests.swift; sourceTree = "<group>"; };
		9E370EA1340964AFF7C24132 /* FrontmatterSplitter.swift */ = {isa = PBXFileReference; lastKnownFileType = sourcecode.swift; path = FrontmatterSplitter.swift; sourceTree = "<group>"; };
		A2DC941F60F1AA955898446B /* TasksView.swift */ = {isa = PBXFileReference; lastKnownFileType = sourcecode.swift; path = TasksView.swift; sourceTree = "<group>"; };
		AC47B30A5701AAE8E38FA746 /* TaskCompletion.swift */ = {isa = PBXFileReference; lastKnownFileType = sourcecode.swift; path = TaskCompletion.swift; sourceTree = "<group>"; };
		AEA22B891260224B50F53902 /* TaskEnums.swift */ = {isa = PBXFileReference; lastKnownFileType = sourcecode.swift; path = TaskEnums.swift; sourceTree = "<group>"; };
		AF4D3CFB0FB6AD76903E3A3E /* ActiveSessionPersistenceTests.swift */ = {isa = PBXFileReference; lastKnownFileType = sourcecode.swift; path = ActiveSessionPersistenceTests.swift; sourceTree = "<group>"; };
		B0C967C88404484608223706 /* VaultStoreTransitionTests.swift */ = {isa = PBXFileReference; lastKnownFileType = sourcecode.swift; path = VaultStoreTransitionTests.swift; sourceTree = "<group>"; };
		B67859164CAD39CDD96B1736 /* DailyLogStoreTests.swift */ = {isa = PBXFileReference; lastKnownFileType = sourcecode.swift; path = DailyLogStoreTests.swift; sourceTree = "<group>"; };
		B742C07982F82625A0329387 /* AppSettingsTests.swift */ = {isa = PBXFileReference; lastKnownFileType = sourcecode.swift; path = AppSettingsTests.swift; sourceTree = "<group>"; };
		BCE466B78BD1A66F6A5A44BD /* Info.plist */ = {isa = PBXFileReference; lastKnownFileType = text.plist; path = Info.plist; sourceTree = "<group>"; };
		BDF05E8048A2CA4C67790C50 /* Category.swift */ = {isa = PBXFileReference; lastKnownFileType = sourcecode.swift; path = Category.swift; sourceTree = "<group>"; };
		C0E0903987EB31A0547484E3 /* DailyLogStore.swift */ = {isa = PBXFileReference; lastKnownFileType = sourcecode.swift; path = DailyLogStore.swift; sourceTree = "<group>"; };
		C636366981320C04C59B9646 /* TaskFormStateTests.swift */ = {isa = PBXFileReference; lastKnownFileType = sourcecode.swift; path = TaskFormStateTests.swift; sourceTree = "<group>"; };
		C76EB463C7C44B3BA54CD43C /* TaskItem.swift */ = {isa = PBXFileReference; lastKnownFileType = sourcecode.swift; path = TaskItem.swift; sourceTree = "<group>"; };
		CB4718DB3F7149B1C3A2C2F9 /* FocusSessionEngine.swift */ = {isa = PBXFileReference; lastKnownFileType = sourcecode.swift; path = FocusSessionEngine.swift; sourceTree = "<group>"; };
		CC314814C11C5505C487CE03 /* TasksGrouping.swift */ = {isa = PBXFileReference; lastKnownFileType = sourcecode.swift; path = TasksGrouping.swift; sourceTree = "<group>"; };
		CD099DA3072484B67CFDD3A0 /* DailyLogCodec.swift */ = {isa = PBXFileReference; lastKnownFileType = sourcecode.swift; path = DailyLogCodec.swift; sourceTree = "<group>"; };
		CF0567BC0B0379E14C94219B /* VaultStore.swift */ = {isa = PBXFileReference; lastKnownFileType = sourcecode.swift; path = VaultStore.swift; sourceTree = "<group>"; };
		D036D116F19393559D30A4C1 /* ActiveSessionCoordinator.swift */ = {isa = PBXFileReference; lastKnownFileType = sourcecode.swift; path = ActiveSessionCoordinator.swift; sourceTree = "<group>"; };
		D3324705D893E9D8CD363C49 /* ActiveSessionSnapshot.swift */ = {isa = PBXFileReference; lastKnownFileType = sourcecode.swift; path = ActiveSessionSnapshot.swift; sourceTree = "<group>"; };
		D661E8DE9DDA5E5D7B4F8D45 /* AppModel.swift */ = {isa = PBXFileReference; lastKnownFileType = sourcecode.swift; path = AppModel.swift; sourceTree = "<group>"; };
		DA111D2587D7B0D7C3C5C401 /* ActiveSessionSnapshotTests.swift */ = {isa = PBXFileReference; lastKnownFileType = sourcecode.swift; path = ActiveSessionSnapshotTests.swift; sourceTree = "<group>"; };
		DAA99F75D6C0662182DA03AB /* DeadlineDay.swift */ = {isa = PBXFileReference; lastKnownFileType = sourcecode.swift; path = DeadlineDay.swift; sourceTree = "<group>"; };
		DC84AC2DC56876A49D1A4261 /* BreakLog.swift */ = {isa = PBXFileReference; lastKnownFileType = sourcecode.swift; path = BreakLog.swift; sourceTree = "<group>"; };
		DCB77F69D38C6F6744551E0E /* AppSettings.swift */ = {isa = PBXFileReference; lastKnownFileType = sourcecode.swift; path = AppSettings.swift; sourceTree = "<group>"; };
		DDB02A5B746D6AFFE94F389F /* AtomicFileWriterTests.swift */ = {isa = PBXFileReference; lastKnownFileType = sourcecode.swift; path = AtomicFileWriterTests.swift; sourceTree = "<group>"; };
		E0BA7BF8D84B73D94EF3157C /* AtomicFileWriterError.swift */ = {isa = PBXFileReference; lastKnownFileType = sourcecode.swift; path = AtomicFileWriterError.swift; sourceTree = "<group>"; };
		E0CE5BEA0D95F2D356A98AB3 /* Project.swift */ = {isa = PBXFileReference; lastKnownFileType = sourcecode.swift; path = Project.swift; sourceTree = "<group>"; };
		ED156E35E718B893DF3B1E29 /* FocusSessionEngineTests.swift */ = {isa = PBXFileReference; lastKnownFileType = sourcecode.swift; path = FocusSessionEngineTests.swift; sourceTree = "<group>"; };
		F15748CCF586FA0EDEE2F61F /* DailyLogError.swift */ = {isa = PBXFileReference; lastKnownFileType = sourcecode.swift; path = DailyLogError.swift; sourceTree = "<group>"; };
		F2263127664569F0F7194904 /* VaultStoreError.swift */ = {isa = PBXFileReference; lastKnownFileType = sourcecode.swift; path = VaultStoreError.swift; sourceTree = "<group>"; };
		F64F2B847F2F64F2D070FE92 /* TaskModelTests.swift */ = {isa = PBXFileReference; lastKnownFileType = sourcecode.swift; path = TaskModelTests.swift; sourceTree = "<group>"; };
		F9C6D88FF4AC946BB7DB89A5 /* FrontmatterError.swift */ = {isa = PBXFileReference; lastKnownFileType = sourcecode.swift; path = FrontmatterError.swift; sourceTree = "<group>"; };
		FE058807A3A55E2F22555654 /* DesignTokens.swift */ = {isa = PBXFileReference; lastKnownFileType = sourcecode.swift; path = DesignTokens.swift; sourceTree = "<group>"; };
/* End PBXFileReference section */

/* Begin PBXFrameworksBuildPhase section */
		24C536F0EB3C8481E4BA3F4C /* Frameworks */ = {
			isa = PBXFrameworksBuildPhase;
			buildActionMask = 2147483647;
			files = (
				08D3ABF571F1DD6DB2811E0F /* Yams in Frameworks */,
			);
			runOnlyForDeploymentPostprocessing = 0;
		};
		653C2C2DC7B0BAF2A002B2E9 /* Frameworks */ = {
			isa = PBXFrameworksBuildPhase;
			buildActionMask = 2147483647;
			files = (
				76EBDB2AF06605C94550A452 /* Yams in Frameworks */,
			);
			runOnlyForDeploymentPostprocessing = 0;
		};
/* End PBXFrameworksBuildPhase section */

/* Begin PBXGroup section */
		1110256E59A63D28755EA8AA /* Models */ = {
			isa = PBXGroup;
			children = (
				DC84AC2DC56876A49D1A4261 /* BreakLog.swift */,
				BDF05E8048A2CA4C67790C50 /* Category.swift */,
				66A29F2C81A436A0250803FE /* FocusSessionLog.swift */,
				E0CE5BEA0D95F2D356A98AB3 /* Project.swift */,
				2C3DCD0FA4C4F11707ADCC34 /* SubtaskItem.swift */,
				AC47B30A5701AAE8E38FA746 /* TaskCompletion.swift */,
				AEA22B891260224B50F53902 /* TaskEnums.swift */,
				C76EB463C7C44B3BA54CD43C /* TaskItem.swift */,
			);
			path = Models;
			sourceTree = "<group>";
		};
		1302E41D5B144D8256CB8F7C /* Sources */ = {
			isa = PBXGroup;
			children = (
				576971CDFEB77959806DCDA8 /* FocusTracker */,
			);
			path = Sources;
			sourceTree = "<group>";
		};
		132812F55854CFE8B7F05B96 /* Views */ = {
			isa = PBXGroup;
			children = (
				554340F5DF6E15C777FD9264 /* CollapseStateStore.swift */,
				FE058807A3A55E2F22555654 /* DesignTokens.swift */,
				09F3B221E5E24A84E3AD2F8D /* FormDeadline.swift */,
				15686F80AD41E2A1D4F5639B /* SubtaskFormState.swift */,
				694038AA634CB1C7D24F6784 /* SubtaskFormView.swift */,
				23D3CA44358D0A95F097A01B /* SubtaskRowView.swift */,
				445B3D8CCF237E3DFFE44208 /* TaskFormState.swift */,
				1F9EDB5DBAD2343FC717D44B /* TaskFormView.swift */,
				608FD7031D7A36234F5A9C7B /* TaskRowView.swift */,
				CC314814C11C5505C487CE03 /* TasksGrouping.swift */,
				A2DC941F60F1AA955898446B /* TasksView.swift */,
				3D5D3D438C7122B3D09FBB7E /* TasksViewModel.swift */,
			);
			path = Views;
			sourceTree = "<group>";
		};
		1B24816C4B6AD3EA0343C217 /* Tests */ = {
			isa = PBXGroup;
			children = (
				980B1C79354BC3B348B7281D /* FocusTrackerTests */,
			);
			path = Tests;
			sourceTree = "<group>";
		};
		576971CDFEB77959806DCDA8 /* FocusTracker */ = {
			isa = PBXGroup;
			children = (
				248E5131297EB06C2E76BC68 /* FocusTrackerApp.swift */,
				BCE466B78BD1A66F6A5A44BD /* Info.plist */,
				AEB2CCDD8C612BCA7183F535 /* App */,
				FBD6C6C15E9C60AD986DFDC4 /* Domain */,
				1110256E59A63D28755EA8AA /* Models */,
				899C1BE73A8D1896CE1D7916 /* Vault */,
				132812F55854CFE8B7F05B96 /* Views */,
			);
			path = FocusTracker;
			sourceTree = "<group>";
		};
		899C1BE73A8D1896CE1D7916 /* Vault */ = {
			isa = PBXGroup;
			children = (
				000862FD87ECFD14A2EBBD89 /* AtomicFileWriter.swift */,
				E0BA7BF8D84B73D94EF3157C /* AtomicFileWriterError.swift */,
				CD099DA3072484B67CFDD3A0 /* DailyLogCodec.swift */,
				449D8FADD940BEE8778B592B /* DailyLogDay.swift */,
				F15748CCF586FA0EDEE2F61F /* DailyLogError.swift */,
				C0E0903987EB31A0547484E3 /* DailyLogStore.swift */,
				DAA99F75D6C0662182DA03AB /* DeadlineDay.swift */,
				1CAECA9BDEFA889C6DE2EBE9 /* FrontmatterDecoder.swift */,
				496B467448E0EBB4F9699080 /* FrontmatterEncoder.swift */,
				F9C6D88FF4AC946BB7DB89A5 /* FrontmatterError.swift */,
				9E370EA1340964AFF7C24132 /* FrontmatterSplitter.swift */,
				7E223517EDAFBC6628F2E5D6 /* TaskOrdering.swift */,
				CF0567BC0B0379E14C94219B /* VaultStore.swift */,
				F2263127664569F0F7194904 /* VaultStoreError.swift */,
				84025FD8E3B25790B7D988C9 /* VaultStoreStatusTransitions.swift */,
			);
			path = Vault;
			sourceTree = "<group>";
		};
		980B1C79354BC3B348B7281D /* FocusTrackerTests */ = {
			isa = PBXGroup;
			children = (
				398F24EA25BB554B7018B9F3 /* ActiveSessionCoordinatorTests.swift */,
				AF4D3CFB0FB6AD76903E3A3E /* ActiveSessionPersistenceTests.swift */,
				03FB6108495185556CD5DC37 /* ActiveSessionRecoveryTests.swift */,
				DA111D2587D7B0D7C3C5C401 /* ActiveSessionSnapshotTests.swift */,
				07D6524661D2133A7F8C1AAA /* AppModelSubtaskTests.swift */,
				8DB32A9A07026DDD5641F273 /* AppModelTaskWriteTests.swift */,
				556B8ABC78BC23CE6B95A6C6 /* AppModelTests.swift */,
				B742C07982F82625A0329387 /* AppSettingsTests.swift */,
				DDB02A5B746D6AFFE94F389F /* AtomicFileWriterTests.swift */,
				6BD9E9056155C2B82893EDA6 /* DailyLogCodecTests.swift */,
				B67859164CAD39CDD96B1736 /* DailyLogStoreTests.swift */,
				24A3DA2388BD777EAF1836D5 /* FocusSessionEngineRestoreTests.swift */,
				ED156E35E718B893DF3B1E29 /* FocusSessionEngineTests.swift */,
				4D5486D7E5950BEA4B04343F /* FrontmatterCodecTests.swift */,
				2FD6B094AE292E2B2CFE2055 /* SmokeTests.swift */,
				20D561F957E51C275426C970 /* StatusTransitionTests.swift */,
				69FAAAD7CD2D6CCAE734C18A /* SubtaskFormStateTests.swift */,
				C636366981320C04C59B9646 /* TaskFormStateTests.swift */,
				F64F2B847F2F64F2D070FE92 /* TaskModelTests.swift */,
				95709B12E9BA98C14EF8CEAB /* TaskOrderingTests.swift */,
				83BAB9738132D14FCB11FF2C /* TasksGroupingTests.swift */,
				08EFA1B0F2ECE21BD65D1D71 /* VaultStoreSubtaskTests.swift */,
				28BA6F82E572C982197E1959 /* VaultStoreTests.swift */,
				B0C967C88404484608223706 /* VaultStoreTransitionTests.swift */,
				36866CB5BBBDD9DC3EA4B5C5 /* VaultStoreWriteTests.swift */,
			);
			path = FocusTrackerTests;
			sourceTree = "<group>";
		};
		AEB2CCDD8C612BCA7183F535 /* App */ = {
			isa = PBXGroup;
			children = (
				D661E8DE9DDA5E5D7B4F8D45 /* AppModel.swift */,
				DCB77F69D38C6F6744551E0E /* AppSettings.swift */,
				52A6B2C67AE475FD9E4BC82F /* SystemTickScheduler.swift */,
			);
			path = App;
			sourceTree = "<group>";
		};
		B2CAF53B2AE8E944806BFCA8 = {
			isa = PBXGroup;
			children = (
				1302E41D5B144D8256CB8F7C /* Sources */,
				1B24816C4B6AD3EA0343C217 /* Tests */,
				F14178F47C2F3A7D3DF322FB /* Products */,
			);
			sourceTree = "<group>";
		};
		F14178F47C2F3A7D3DF322FB /* Products */ = {
			isa = PBXGroup;
			children = (
				1E40706EE3BCB1DD382F1F49 /* FocusTracker.app */,
				19168751BF453E16196AF15C /* FocusTrackerTests.xctest */,
			);
			name = Products;
			sourceTree = "<group>";
		};
		FBD6C6C15E9C60AD986DFDC4 /* Domain */ = {
			isa = PBXGroup;
			children = (
				D036D116F19393559D30A4C1 /* ActiveSessionCoordinator.swift */,
				173E587312DA52F8A9B8EA05 /* ActiveSessionPersistence.swift */,
				6B9823987C7DB9B22004C48A /* ActiveSessionRecovery.swift */,
				D3324705D893E9D8CD363C49 /* ActiveSessionSnapshot.swift */,
				CB4718DB3F7149B1C3A2C2F9 /* FocusSessionEngine.swift */,
				5F0BA521BD58A62A830A1C10 /* StatusTransition.swift */,
			);
			path = Domain;
			sourceTree = "<group>";
		};
/* End PBXGroup section */

/* Begin PBXNativeTarget section */
		8420D9A92F206BF9B2F6B86C /* FocusTracker */ = {
			isa = PBXNativeTarget;
			buildConfigurationList = A7D4699F7251ABC6697FBEE3 /* Build configuration list for PBXNativeTarget "FocusTracker" */;
			buildPhases = (
				1E0E17E2D6CD2B1127A43B64 /* Sources */,
				24C536F0EB3C8481E4BA3F4C /* Frameworks */,
			);
			buildRules = (
			);
			dependencies = (
			);
			name = FocusTracker;
			packageProductDependencies = (
				39E84D3D517CF65CE8CDEA40 /* Yams */,
			);
			productName = FocusTracker;
			productReference = 1E40706EE3BCB1DD382F1F49 /* FocusTracker.app */;
			productType = "com.apple.product-type.application";
		};
		D32335A3F4D9E39F7165217C /* FocusTrackerTests */ = {
			isa = PBXNativeTarget;
			buildConfigurationList = BBECBCB86BB1F85B27AFBFAA /* Build configuration list for PBXNativeTarget "FocusTrackerTests" */;
			buildPhases = (
				14199D1DC0B5F5856C5705F7 /* Sources */,
				653C2C2DC7B0BAF2A002B2E9 /* Frameworks */,
			);
			buildRules = (
			);
			dependencies = (
				AC802ECE77F5F1214613635C /* PBXTargetDependency */,
			);
			name = FocusTrackerTests;
			packageProductDependencies = (
				235DC63B1D6E684D896B5CF6 /* Yams */,
			);
			productName = FocusTrackerTests;
			productReference = 19168751BF453E16196AF15C /* FocusTrackerTests.xctest */;
			productType = "com.apple.product-type.bundle.unit-test";
		};
/* End PBXNativeTarget section */

/* Begin PBXProject section */
		144DB8CA7062C740491CE975 /* Project object */ = {
			isa = PBXProject;
			attributes = {
				BuildIndependentTargetsInParallel = YES;
				LastUpgradeCheck = 1430;
				TargetAttributes = {
					8420D9A92F206BF9B2F6B86C = {
						ProvisioningStyle = Manual;
					};
					D32335A3F4D9E39F7165217C = {
						ProvisioningStyle = Manual;
					};
				};
			};
			buildConfigurationList = 9EE8787C5F7D7381E2A064C4 /* Build configuration list for PBXProject "FocusTracker" */;
			developmentRegion = en;
			hasScannedForEncodings = 0;
			knownRegions = (
				Base,
				en,
			);
			mainGroup = B2CAF53B2AE8E944806BFCA8;
			minimizedProjectReferenceProxies = 1;
			packageReferences = (
				8EE315B6781A8C65E53BC533 /* XCRemoteSwiftPackageReference "Yams" */,
			);
			preferredProjectObjectVersion = 77;
			productRefGroup = F14178F47C2F3A7D3DF322FB /* Products */;
			projectDirPath = "";
			projectRoot = "";
			targets = (
				8420D9A92F206BF9B2F6B86C /* FocusTracker */,
				D32335A3F4D9E39F7165217C /* FocusTrackerTests */,
			);
		};
/* End PBXProject section */

/* Begin PBXSourcesBuildPhase section */
		14199D1DC0B5F5856C5705F7 /* Sources */ = {
			isa = PBXSourcesBuildPhase;
			buildActionMask = 2147483647;
			files = (
				656FFC28BFF46B82864E08E2 /* ActiveSessionCoordinatorTests.swift in Sources */,
				F9A45B20373B4F1164258AE6 /* ActiveSessionPersistenceTests.swift in Sources */,
				D48CA988670FBA3F970806BA /* ActiveSessionRecoveryTests.swift in Sources */,
				A047718B0F86A825C8AFCC25 /* ActiveSessionSnapshotTests.swift in Sources */,
				6B7E9E6EDE238B93D4BBE113 /* AppModelSubtaskTests.swift in Sources */,
				84F04BD118A135111649429B /* AppModelTaskWriteTests.swift in Sources */,
				9DAC51494FC325C74C500568 /* AppModelTests.swift in Sources */,
				AF1A8B372A19186ED24BC4D0 /* AppSettingsTests.swift in Sources */,
				A2DCE257E978CD6BAFAE2168 /* AtomicFileWriterTests.swift in Sources */,
				A1E505587320816E1751A947 /* DailyLogCodecTests.swift in Sources */,
				60C1AF42B5D52D3E66DD88D3 /* DailyLogStoreTests.swift in Sources */,
				A2D29C602F9E8EA203B7F195 /* FocusSessionEngineRestoreTests.swift in Sources */,
				64A3DACB834DD689B2881F95 /* FocusSessionEngineTests.swift in Sources */,
				13CF5781F461AD63F5372CA9 /* FrontmatterCodecTests.swift in Sources */,
				5C40816107FF2F8EF9A813F3 /* SmokeTests.swift in Sources */,
				D28F8691AE913F628117CD75 /* StatusTransitionTests.swift in Sources */,
				93C5E41ED214FBD2AE5A1EDD /* SubtaskFormStateTests.swift in Sources */,
				47700B03189E62AD8177D88E /* TaskFormStateTests.swift in Sources */,
				72FE907904C132B266A02074 /* TaskModelTests.swift in Sources */,
				4866585A7AACB6576688B9BF /* TaskOrderingTests.swift in Sources */,
				99F404A40BE198A37A71F84C /* TasksGroupingTests.swift in Sources */,
				783F814497AE507AEF8EF350 /* VaultStoreSubtaskTests.swift in Sources */,
				DF5EA0555990FD6FC645C434 /* VaultStoreTests.swift in Sources */,
				5811C92D98367DEC729F7EA1 /* VaultStoreTransitionTests.swift in Sources */,
				1EFB3035F6011B2244B38BE2 /* VaultStoreWriteTests.swift in Sources */,
			);
			runOnlyForDeploymentPostprocessing = 0;
		};
		1E0E17E2D6CD2B1127A43B64 /* Sources */ = {
			isa = PBXSourcesBuildPhase;
			buildActionMask = 2147483647;
			files = (
				BB6D55E6219CFEF7C828B813 /* ActiveSessionCoordinator.swift in Sources */,
				FA85D7377CBF918F7941F4ED /* ActiveSessionPersistence.swift in Sources */,
				F8D548D3A1E6FE56E6A38A7C /* ActiveSessionRecovery.swift in Sources */,
				C74A7A1B43D4667CC710EDB7 /* ActiveSessionSnapshot.swift in Sources */,
				7FD5156DBBF3DE7CF3937E44 /* AppModel.swift in Sources */,
				79E780DF2512D06E1F8CD03B /* AppSettings.swift in Sources */,
				B9E22BF26DE00534CA7CE529 /* AtomicFileWriter.swift in Sources */,
				C71E057857B6BCB5BF0CA4DA /* AtomicFileWriterError.swift in Sources */,
				3D0BD19FB6B7D674DA97EB7D /* BreakLog.swift in Sources */,
				8AC9CCA7D1AB50AABF043CF0 /* Category.swift in Sources */,
				5B9474F55B192E0B830E412A /* CollapseStateStore.swift in Sources */,
				DCDFB50E7152BF60B08454D3 /* DailyLogCodec.swift in Sources */,
				D34EBE82EA8F20AF4E6F1D02 /* DailyLogDay.swift in Sources */,
				56F3C426421E25178C5ADC15 /* DailyLogError.swift in Sources */,
				9469583BB0418CD9B069045C /* DailyLogStore.swift in Sources */,
				2C75A6F305AE89450722FF81 /* DeadlineDay.swift in Sources */,
				569C45089FE89BFDF1A583D4 /* DesignTokens.swift in Sources */,
				AA7EAE384FB2648424CDEEE6 /* FocusSessionEngine.swift in Sources */,
				080247AB874C28B56D0928F1 /* FocusSessionLog.swift in Sources */,
				47F742470901C6A5A3941939 /* FocusTrackerApp.swift in Sources */,
				6211BEFA7AD4058D778A4367 /* FormDeadline.swift in Sources */,
				BD328D7DD66DBB049E79C6ED /* FrontmatterDecoder.swift in Sources */,
				443D3CE32D51A6DF3ADCDBA3 /* FrontmatterEncoder.swift in Sources */,
				84E73409362F826BDBE0669B /* FrontmatterError.swift in Sources */,
				335FFAE1E20D5816ACF0D335 /* FrontmatterSplitter.swift in Sources */,
				FB83696C4D6A3A0A58D84EB1 /* Project.swift in Sources */,
				637271F24F8DCCFC153B40B0 /* StatusTransition.swift in Sources */,
				B66F978FBAAB99838F1503E5 /* SubtaskFormState.swift in Sources */,
				96D2829703CF3B5B6878A1F3 /* SubtaskFormView.swift in Sources */,
				71C6973B688B2079F118533E /* SubtaskItem.swift in Sources */,
				3A9B3456961A1A40FDFFF2DF /* SubtaskRowView.swift in Sources */,
				D43785B11EF28B129E4419A6 /* SystemTickScheduler.swift in Sources */,
				05AC78D4781BF0F715D8B280 /* TaskCompletion.swift in Sources */,
				8DC94FF8D60CDCCA3EFE6439 /* TaskEnums.swift in Sources */,
				4DD7512AF2018D0642E67299 /* TaskFormState.swift in Sources */,
				7C083AE150C262E2A4BB870D /* TaskFormView.swift in Sources */,
				72319A87076D8C1FCBEF4E8C /* TaskItem.swift in Sources */,
				45A81F7A943E732699E4E9AF /* TaskOrdering.swift in Sources */,
				C59368564A9EB08BBEDF7F94 /* TaskRowView.swift in Sources */,
				00D5832ABE1BBF1681C3832F /* TasksGrouping.swift in Sources */,
				119CDAFF4B914A2730081C0B /* TasksView.swift in Sources */,
				75E88A2F05883A40F5A705C5 /* TasksViewModel.swift in Sources */,
				0C0890159FFBB5CADECDDDF0 /* VaultStore.swift in Sources */,
				CD6092F00DDF72B36F057846 /* VaultStoreError.swift in Sources */,
				6D529C027DDC08698272BBCA /* VaultStoreStatusTransitions.swift in Sources */,
			);
			runOnlyForDeploymentPostprocessing = 0;
		};
/* End PBXSourcesBuildPhase section */

/* Begin PBXTargetDependency section */
		AC802ECE77F5F1214613635C /* PBXTargetDependency */ = {
			isa = PBXTargetDependency;
			target = 8420D9A92F206BF9B2F6B86C /* FocusTracker */;
			targetProxy = 61A7E90CE03A128C1479B7E1 /* PBXContainerItemProxy */;
		};
/* End PBXTargetDependency section */

/* Begin XCBuildConfiguration section */
		060CB47713E8B29B936D340C /* Release */ = {
			isa = XCBuildConfiguration;
			buildSettings = {
				ALWAYS_SEARCH_USER_PATHS = NO;
				CLANG_ANALYZER_NONNULL = YES;
				CLANG_ANALYZER_NUMBER_OBJECT_CONVERSION = YES_AGGRESSIVE;
				CLANG_CXX_LANGUAGE_STANDARD = "gnu++14";
				CLANG_CXX_LIBRARY = "libc++";
				CLANG_ENABLE_MODULES = YES;
				CLANG_ENABLE_OBJC_ARC = YES;
				CLANG_ENABLE_OBJC_WEAK = YES;
				CLANG_WARN_BLOCK_CAPTURE_AUTORELEASING = YES;
				CLANG_WARN_BOOL_CONVERSION = YES;
				CLANG_WARN_COMMA = YES;
				CLANG_WARN_CONSTANT_CONVERSION = YES;
				CLANG_WARN_DEPRECATED_OBJC_IMPLEMENTATIONS = YES;
				CLANG_WARN_DIRECT_OBJC_ISA_USAGE = YES_ERROR;
				CLANG_WARN_DOCUMENTATION_COMMENTS = YES;
				CLANG_WARN_EMPTY_BODY = YES;
				CLANG_WARN_ENUM_CONVERSION = YES;
				CLANG_WARN_INFINITE_RECURSION = YES;
				CLANG_WARN_INT_CONVERSION = YES;
				CLANG_WARN_NON_LITERAL_NULL_CONVERSION = YES;
				CLANG_WARN_OBJC_IMPLICIT_RETAIN_SELF = YES;
				CLANG_WARN_OBJC_LITERAL_CONVERSION = YES;
				CLANG_WARN_OBJC_ROOT_CLASS = YES_ERROR;
				CLANG_WARN_QUOTED_INCLUDE_IN_FRAMEWORK_HEADER = YES;
				CLANG_WARN_RANGE_LOOP_ANALYSIS = YES;
				CLANG_WARN_STRICT_PROTOTYPES = YES;
				CLANG_WARN_SUSPICIOUS_MOVE = YES;
				CLANG_WARN_UNGUARDED_AVAILABILITY = YES_AGGRESSIVE;
				CLANG_WARN_UNREACHABLE_CODE = YES;
				CLANG_WARN__DUPLICATE_METHOD_MATCH = YES;
				CODE_SIGN_IDENTITY = "-";
				CODE_SIGN_STYLE = Manual;
				COPY_PHASE_STRIP = NO;
				DEBUG_INFORMATION_FORMAT = "dwarf-with-dsym";
				ENABLE_NS_ASSERTIONS = NO;
				ENABLE_STRICT_OBJC_MSGSEND = YES;
				GCC_C_LANGUAGE_STANDARD = gnu11;
				GCC_NO_COMMON_BLOCKS = YES;
				GCC_WARN_64_TO_32_BIT_CONVERSION = YES;
				GCC_WARN_ABOUT_RETURN_TYPE = YES_ERROR;
				GCC_WARN_UNDECLARED_SELECTOR = YES;
				GCC_WARN_UNINITIALIZED_AUTOS = YES_AGGRESSIVE;
				GCC_WARN_UNUSED_FUNCTION = YES;
				GCC_WARN_UNUSED_VARIABLE = YES;
				MACOSX_DEPLOYMENT_TARGET = 14.0;
				MTL_ENABLE_DEBUG_INFO = NO;
				MTL_FAST_MATH = YES;
				PRODUCT_NAME = "$(TARGET_NAME)";
				SDKROOT = macosx;
				SWIFT_COMPILATION_MODE = wholemodule;
				SWIFT_OPTIMIZATION_LEVEL = "-O";
				SWIFT_VERSION = 6.0;
			};
			name = Release;
		};
		43555432A1298497969E81D9 /* Debug */ = {
			isa = XCBuildConfiguration;
			buildSettings = {
				ASSETCATALOG_COMPILER_APPICON_NAME = AppIcon;
				COMBINE_HIDPI_IMAGES = YES;
				INFOPLIST_FILE = Sources/FocusTracker/Info.plist;
				LD_RUNPATH_SEARCH_PATHS = (
					"$(inherited)",
					"@executable_path/../Frameworks",
				);
				PRODUCT_BUNDLE_IDENTIFIER = com.chauanhcong.FocusTracker;
				SDKROOT = macosx;
			};
			name = Debug;
		};
		4C27008C0C16DB12B160C4A6 /* Release */ = {
			isa = XCBuildConfiguration;
			buildSettings = {
				BUNDLE_LOADER = "$(TEST_HOST)";
				COMBINE_HIDPI_IMAGES = YES;
				GENERATE_INFOPLIST_FILE = YES;
				LD_RUNPATH_SEARCH_PATHS = (
					"$(inherited)",
					"@executable_path/../Frameworks",
					"@loader_path/../Frameworks",
				);
				PRODUCT_BUNDLE_IDENTIFIER = com.chauanhcong.FocusTrackerTests;
				SDKROOT = macosx;
				TEST_HOST = "$(BUILT_PRODUCTS_DIR)/FocusTracker.app/Contents/MacOS/FocusTracker";
			};
			name = Release;
		};
		63460D0D5ED6870C75C18107 /* Debug */ = {
			isa = XCBuildConfiguration;
			buildSettings = {
				ALWAYS_SEARCH_USER_PATHS = NO;
				CLANG_ANALYZER_NONNULL = YES;
				CLANG_ANALYZER_NUMBER_OBJECT_CONVERSION = YES_AGGRESSIVE;
				CLANG_CXX_LANGUAGE_STANDARD = "gnu++14";
				CLANG_CXX_LIBRARY = "libc++";
				CLANG_ENABLE_MODULES = YES;
				CLANG_ENABLE_OBJC_ARC = YES;
				CLANG_ENABLE_OBJC_WEAK = YES;
				CLANG_WARN_BLOCK_CAPTURE_AUTORELEASING = YES;
				CLANG_WARN_BOOL_CONVERSION = YES;
				CLANG_WARN_COMMA = YES;
				CLANG_WARN_CONSTANT_CONVERSION = YES;
				CLANG_WARN_DEPRECATED_OBJC_IMPLEMENTATIONS = YES;
				CLANG_WARN_DIRECT_OBJC_ISA_USAGE = YES_ERROR;
				CLANG_WARN_DOCUMENTATION_COMMENTS = YES;
				CLANG_WARN_EMPTY_BODY = YES;
				CLANG_WARN_ENUM_CONVERSION = YES;
				CLANG_WARN_INFINITE_RECURSION = YES;
				CLANG_WARN_INT_CONVERSION = YES;
				CLANG_WARN_NON_LITERAL_NULL_CONVERSION = YES;
				CLANG_WARN_OBJC_IMPLICIT_RETAIN_SELF = YES;
				CLANG_WARN_OBJC_LITERAL_CONVERSION = YES;
				CLANG_WARN_OBJC_ROOT_CLASS = YES_ERROR;
				CLANG_WARN_QUOTED_INCLUDE_IN_FRAMEWORK_HEADER = YES;
				CLANG_WARN_RANGE_LOOP_ANALYSIS = YES;
				CLANG_WARN_STRICT_PROTOTYPES = YES;
				CLANG_WARN_SUSPICIOUS_MOVE = YES;
				CLANG_WARN_UNGUARDED_AVAILABILITY = YES_AGGRESSIVE;
				CLANG_WARN_UNREACHABLE_CODE = YES;
				CLANG_WARN__DUPLICATE_METHOD_MATCH = YES;
				CODE_SIGN_IDENTITY = "-";
				CODE_SIGN_STYLE = Manual;
				COPY_PHASE_STRIP = NO;
				DEBUG_INFORMATION_FORMAT = dwarf;
				ENABLE_STRICT_OBJC_MSGSEND = YES;
				ENABLE_TESTABILITY = YES;
				GCC_C_LANGUAGE_STANDARD = gnu11;
				GCC_DYNAMIC_NO_PIC = NO;
				GCC_NO_COMMON_BLOCKS = YES;
				GCC_OPTIMIZATION_LEVEL = 0;
				GCC_PREPROCESSOR_DEFINITIONS = (
					"$(inherited)",
					"DEBUG=1",
				);
				GCC_WARN_64_TO_32_BIT_CONVERSION = YES;
				GCC_WARN_ABOUT_RETURN_TYPE = YES_ERROR;
				GCC_WARN_UNDECLARED_SELECTOR = YES;
				GCC_WARN_UNINITIALIZED_AUTOS = YES_AGGRESSIVE;
				GCC_WARN_UNUSED_FUNCTION = YES;
				GCC_WARN_UNUSED_VARIABLE = YES;
				MACOSX_DEPLOYMENT_TARGET = 14.0;
				MTL_ENABLE_DEBUG_INFO = INCLUDE_SOURCE;
				MTL_FAST_MATH = YES;
				ONLY_ACTIVE_ARCH = YES;
				PRODUCT_NAME = "$(TARGET_NAME)";
				SDKROOT = macosx;
				SWIFT_ACTIVE_COMPILATION_CONDITIONS = DEBUG;
				SWIFT_OPTIMIZATION_LEVEL = "-Onone";
				SWIFT_VERSION = 6.0;
			};
			name = Debug;
		};
		6D8028AED0A31DC6C579217C /* Release */ = {
			isa = XCBuildConfiguration;
			buildSettings = {
				ASSETCATALOG_COMPILER_APPICON_NAME = AppIcon;
				COMBINE_HIDPI_IMAGES = YES;
				INFOPLIST_FILE = Sources/FocusTracker/Info.plist;
				LD_RUNPATH_SEARCH_PATHS = (
					"$(inherited)",
					"@executable_path/../Frameworks",
				);
				PRODUCT_BUNDLE_IDENTIFIER = com.chauanhcong.FocusTracker;
				SDKROOT = macosx;
			};
			name = Release;
		};
		E33875FB782B4FA4E664C91A /* Debug */ = {
			isa = XCBuildConfiguration;
			buildSettings = {
				BUNDLE_LOADER = "$(TEST_HOST)";
				COMBINE_HIDPI_IMAGES = YES;
				GENERATE_INFOPLIST_FILE = YES;
				LD_RUNPATH_SEARCH_PATHS = (
					"$(inherited)",
					"@executable_path/../Frameworks",
					"@loader_path/../Frameworks",
				);
				PRODUCT_BUNDLE_IDENTIFIER = com.chauanhcong.FocusTrackerTests;
				SDKROOT = macosx;
				TEST_HOST = "$(BUILT_PRODUCTS_DIR)/FocusTracker.app/Contents/MacOS/FocusTracker";
			};
			name = Debug;
		};
/* End XCBuildConfiguration section */

/* Begin XCConfigurationList section */
		9EE8787C5F7D7381E2A064C4 /* Build configuration list for PBXProject "FocusTracker" */ = {
			isa = XCConfigurationList;
			buildConfigurations = (
				63460D0D5ED6870C75C18107 /* Debug */,
				060CB47713E8B29B936D340C /* Release */,
			);
			defaultConfigurationIsVisible = 0;
			defaultConfigurationName = Debug;
		};
		A7D4699F7251ABC6697FBEE3 /* Build configuration list for PBXNativeTarget "FocusTracker" */ = {
			isa = XCConfigurationList;
			buildConfigurations = (
				43555432A1298497969E81D9 /* Debug */,
				6D8028AED0A31DC6C579217C /* Release */,
			);
			defaultConfigurationIsVisible = 0;
			defaultConfigurationName = Debug;
		};
		BBECBCB86BB1F85B27AFBFAA /* Build configuration list for PBXNativeTarget "FocusTrackerTests" */ = {
			isa = XCConfigurationList;
			buildConfigurations = (
				E33875FB782B4FA4E664C91A /* Debug */,
				4C27008C0C16DB12B160C4A6 /* Release */,
			);
			defaultConfigurationIsVisible = 0;
			defaultConfigurationName = Debug;
		};
/* End XCConfigurationList section */

/* Begin XCRemoteSwiftPackageReference section */
		8EE315B6781A8C65E53BC533 /* XCRemoteSwiftPackageReference "Yams" */ = {
			isa = XCRemoteSwiftPackageReference;
			repositoryURL = "https://github.com/jpsim/Yams";
			requirement = {
				kind = upToNextMajorVersion;
				minimumVersion = 5.3.1;
			};
		};
/* End XCRemoteSwiftPackageReference section */

/* Begin XCSwiftPackageProductDependency section */
		235DC63B1D6E684D896B5CF6 /* Yams */ = {
			isa = XCSwiftPackageProductDependency;
			package = 8EE315B6781A8C65E53BC533 /* XCRemoteSwiftPackageReference "Yams" */;
			productName = Yams;
		};
		39E84D3D517CF65CE8CDEA40 /* Yams */ = {
			isa = XCSwiftPackageProductDependency;
			package = 8EE315B6781A8C65E53BC533 /* XCRemoteSwiftPackageReference "Yams" */;
			productName = Yams;
		};
/* End XCSwiftPackageProductDependency section */
	};
	rootObject = 144DB8CA7062C740491CE975 /* Project object */;
}
